<?xml version="1.0" encoding="utf-8"?>
<Project ToolsVersion="4.0" xmlns="http://schemas.microsoft.com/developer/msbuild/2003">
  <ItemGroup>
    <Filter Include="소스 파일">
      <UniqueIdentifier>{4FC737F1-C7A5-4376-A066-2A32D752A2FF}</UniqueIdentifier>
      <Extensions>cpp;c;cc;cxx;def;odl;idl;hpj;bat;asm;asmx</Extensions>
    </Filter>
    <Filter Include="헤더 파일">
      <UniqueIdentifier>{93995380-89BD-4b04-88EB-625FBE52EBFB}</UniqueIdentifier>
      <Extensions>h;hh;hpp;hxx;hm;inl;inc;xsd</Extensions>
    </Filter>
    <Filter Include="리소스 파일">
      <UniqueIdentifier>{67DA6AB6-F800-4c08-8B7A-83BB121AAD01}</UniqueIdentifier>
      <Extensions>rc;ico;cur;bmp;dlg;rc2;rct;bin;rgs;gif;jpg;jpeg;jpe;resx;tiff;tif;png;wav;mfcribbon-ms</Extensions>
    </Filter>
  </ItemGroup>
  <ItemGroup>
    <ClCompile Include="study.cpp">
      <Filter>소스 파일</Filter>
    </ClCompile>
    <ClCompile Include="BOGGLE.cpp">
      <Filter>소스 파일</Filter>
    </ClCompile>
    <ClCompile Include="PICNINC.cpp">
      <Filter>소스 파일</Filter>
    </ClCompile>
    <ClCompile Include="BoardCover.cpp">
      <Filter>소스 파일</Filter>
    </ClCompile>
    <ClCompile Include="TSP.cpp">
      <Filter>소스 파일</Filter>
    </ClCompile>
    <ClCompile Include="CLOCKSYNC.cpp">
      <Filter>소스 파일</Filter>
    </ClCompile>
    <ClCompile Include="QUADTREE.cpp">
      <Filter>소스 파일</Filter>
    </ClCompile>
    <ClCompile Include="FENCE.cpp">
      <Filter>소스 파일</Filter>
    </ClCompile>
    <ClCompile Include="FanMeeting.cpp">
      <Filter>소스 파일</Filter>
    </ClCompile>
    <ClCompile Include="JumpGame.cpp">
      <Filter>소스 파일</Filter>
    </ClCompile>
    <ClCompile Include="WILDCARD.cpp">
      <Filter>소스 파일</Filter>
    </ClCompile>
    <ClCompile Include="trianglepathcpp.cpp">
      <Filter>소스 파일</Filter>
    </ClCompile>
    <ClCompile Include="LIS.cpp">
      <Filter>소스 파일</Filter>
    </ClCompile>
    <ClCompile Include="qorhkdaud.c">
      <Filter>소스 파일</Filter>
    </ClCompile>
    <ClCompile Include="JLIS.cpp">
      <Filter>소스 파일</Filter>
    </ClCompile>
    <ClCompile Include="다각형대각선.cpp">
      <Filter>소스 파일</Filter>
    </ClCompile>
    <ClCompile Include="주사위.cpp">
      <Filter>소스 파일</Filter>
    </ClCompile>
    <ClCompile Include="2108.cpp">
      <Filter>소스 파일</Filter>
    </ClCompile>
    <ClCompile Include="15649.cpp">
      <Filter>소스 파일</Filter>
    </ClCompile>
    <ClCompile Include="2667.cpp">
      <Filter>소스 파일</Filter>
    </ClCompile>
    <ClCompile Include="15650.cpp">
      <Filter>소스 파일</Filter>
    </ClCompile>
    <ClCompile Include="15651.cpp">
      <Filter>소스 파일</Filter>
    </ClCompile>
    <ClCompile Include="15652.cpp">
      <Filter>소스 파일</Filter>
    </ClCompile>
    <ClCompile Include="9663.cpp">
      <Filter>소스 파일</Filter>
    </ClCompile>
    <ClCompile Include="2580.cpp">
      <Filter>소스 파일</Filter>
    </ClCompile>
    <ClCompile Include="14888.cpp">
      <Filter>소스 파일</Filter>
    </ClCompile>
    <ClCompile Include="14889.cpp">
      <Filter>소스 파일</Filter>
    </ClCompile>
    <ClCompile Include="5086.cpp">
      <Filter>소스 파일</Filter>
    </ClCompile>
    <ClCompile Include="1037.cpp">
      <Filter>소스 파일</Filter>
    </ClCompile>
    <ClCompile Include="11653.cpp">
      <Filter>소스 파일</Filter>
    </ClCompile>
    <ClCompile Include="2981.cpp">
      <Filter>소스 파일</Filter>
    </ClCompile>
    <ClCompile Include="3036.cpp">
      <Filter>소스 파일</Filter>
    </ClCompile>
    <ClCompile Include="2748.cpp">
      <Filter>소스 파일</Filter>
    </ClCompile>
    <ClCompile Include="11050.cpp">
      <Filter>소스 파일</Filter>
    </ClCompile>
    <ClCompile Include="11051.cpp">
      <Filter>소스 파일</Filter>
    </ClCompile>
    <ClCompile Include="9375.cpp">
      <Filter>소스 파일</Filter>
    </ClCompile>
    <ClCompile Include="1676.cpp">
      <Filter>소스 파일</Filter>
    </ClCompile>
    <ClCompile Include="2004.cpp">
      <Filter>소스 파일</Filter>
    </ClCompile>
    <ClCompile Include="1003.cpp">
      <Filter>소스 파일</Filter>
    </ClCompile>
    <ClCompile Include="1904.cpp">
      <Filter>소스 파일</Filter>
    </ClCompile>
    <ClCompile Include="9461.cpp">
      <Filter>소스 파일</Filter>
    </ClCompile>
    <ClCompile Include="1149.cpp">
      <Filter>소스 파일</Filter>
    </ClCompile>
    <ClCompile Include="1932.cpp">
      <Filter>소스 파일</Filter>
    </ClCompile>
    <ClCompile Include="2579.cpp">
      <Filter>소스 파일</Filter>
    </ClCompile>
    <ClCompile Include="1463.cpp">
      <Filter>소스 파일</Filter>
    </ClCompile>
    <ClCompile Include="10844.cpp">
      <Filter>소스 파일</Filter>
    </ClCompile>
    <ClCompile Include="2156.cpp">
      <Filter>소스 파일</Filter>
    </ClCompile>
    <ClCompile Include="11053.cpp">
      <Filter>소스 파일</Filter>
    </ClCompile>
    <ClCompile Include="11054.cpp">
      <Filter>소스 파일</Filter>
    </ClCompile>
    <ClCompile Include="1912.cpp">
      <Filter>소스 파일</Filter>
    </ClCompile>
    <ClCompile Include="2565.cpp">
      <Filter>소스 파일</Filter>
    </ClCompile>
    <ClCompile Include="9251.cpp">
      <Filter>소스 파일</Filter>
    </ClCompile>
    <ClCompile Include="test.cpp">
      <Filter>소스 파일</Filter>
    </ClCompile>
    <ClCompile Include="boardcover2.cpp">
      <Filter>소스 파일</Filter>
    </ClCompile>
    <ClCompile Include="picnic.cpp">
      <Filter>소스 파일</Filter>
    </ClCompile>
    <ClCompile Include="1966.cpp">
      <Filter>소스 파일</Filter>
    </ClCompile>
    <ClCompile Include="14659.cpp">
      <Filter>소스 파일</Filter>
    </ClCompile>
    <ClCompile Include="1931.cpp">
      <Filter>소스 파일</Filter>
    </ClCompile>
    <ClCompile Include="17371.cpp">
      <Filter>소스 파일</Filter>
    </ClCompile>
    <ClCompile Include="hash2.cpp">
      <Filter>소스 파일</Filter>
    </ClCompile>
    <ClCompile Include="hash4.cpp">
      <Filter>소스 파일</Filter>
    </ClCompile>
    <ClCompile Include="11052.cpp">
      <Filter>소스 파일</Filter>
    </ClCompile>
    <ClCompile Include="1074-1.cpp">
      <Filter>소스 파일</Filter>
    </ClCompile>
    <ClCompile Include="1520.cpp">
      <Filter>소스 파일</Filter>
    </ClCompile>
    <ClCompile Include="12865.cpp">
      <Filter>소스 파일</Filter>
    </ClCompile>
    <ClCompile Include="2606.cpp">
      <Filter>소스 파일</Filter>
    </ClCompile>
    <ClCompile Include="1292.cpp">
      <Filter>소스 파일</Filter>
    </ClCompile>
    <ClCompile Include="1181.cpp">
      <Filter>소스 파일</Filter>
    </ClCompile>
    <ClCompile Include="2758forboot.cpp">
      <Filter>소스 파일</Filter>
    </ClCompile>
    <ClCompile Include="5052boot.cpp">
      <Filter>소스 파일</Filter>
    </ClCompile>
    <ClCompile Include="boggleforboot.cpp">
      <Filter>소스 파일</Filter>
    </ClCompile>
    <ClCompile Include="PICNICforboot.cpp">
      <Filter>소스 파일</Filter>
    </ClCompile>
    <ClCompile Include="14889forboot.cpp">
      <Filter>소스 파일</Filter>
    </ClCompile>
    <ClCompile Include="14888forboot.cpp">
      <Filter>소스 파일</Filter>
    </ClCompile>
    <ClCompile Include="9663forboot.cpp">
      <Filter>소스 파일</Filter>
    </ClCompile>
    <ClCompile Include="2580forboot.cpp">
      <Filter>소스 파일</Filter>
    </ClCompile>
    <ClCompile Include="1003forboot.cpp">
      <Filter>소스 파일</Filter>
    </ClCompile>
    <ClCompile Include="11053forboot.cpp">
      <Filter>소스 파일</Filter>
    </ClCompile>
    <ClCompile Include="11055.cpp">
      <Filter>소스 파일</Filter>
    </ClCompile>
    <ClCompile Include="11722.cpp">
      <Filter>소스 파일</Filter>
    </ClCompile>
    <ClCompile Include="1463forboot.cpp">
      <Filter>소스 파일</Filter>
    </ClCompile>
    <ClCompile Include="16637.cpp">
      <Filter>소스 파일</Filter>
    </ClCompile>
    <ClCompile Include="12969.cpp">
      <Filter>소스 파일</Filter>
    </ClCompile>
    <ClCompile Include="9184.cpp">
      <Filter>소스 파일</Filter>
    </ClCompile>
    <ClCompile Include="1904forboot.cpp">
      <Filter>소스 파일</Filter>
    </ClCompile>
    <ClCompile Include="12015.cpp">
      <Filter>소스 파일</Filter>
    </ClCompile>
    <ClCompile Include="9251forboot.cpp">
      <Filter>소스 파일</Filter>
    </ClCompile>
    <ClCompile Include="1931forboot.cpp">
      <Filter>소스 파일</Filter>
    </ClCompile>
    <ClCompile Include="14786.cpp">
      <Filter>소스 파일</Filter>
    </ClCompile>
    <ClCompile Include="2668.cpp">
      <Filter>소스 파일</Filter>
    </ClCompile>
    <ClCompile Include="2669.cpp">
      <Filter>소스 파일</Filter>
    </ClCompile>
    <ClCompile Include="2436.cpp">
      <Filter>소스 파일</Filter>
    </ClCompile>
    <ClCompile Include="2467.cpp">
      <Filter>소스 파일</Filter>
    </ClCompile>
    <ClCompile Include="1655.cpp">
      <Filter>소스 파일</Filter>
    </ClCompile>
    <ClCompile Include="1934.cpp">
      <Filter>소스 파일</Filter>
    </ClCompile>
    <ClCompile Include="9012.cpp">
      <Filter>소스 파일</Filter>
    </ClCompile>
    <ClCompile Include="2164.cpp">
      <Filter>소스 파일</Filter>
    </ClCompile>
    <ClCompile Include="2805.cpp">
      <Filter>소스 파일</Filter>
    </ClCompile>
    <ClCompile Include="4949.cpp">
      <Filter>소스 파일</Filter>
    </ClCompile>
    <ClCompile Include="10816.cpp">
      <Filter>소스 파일</Filter>
    </ClCompile>
    <ClCompile Include="10773.cpp">
      <Filter>소스 파일</Filter>
    </ClCompile>
    <ClCompile Include="10886.cpp">
      <Filter>소스 파일</Filter>
    </ClCompile>
    <ClCompile Include="11866.cpp">
      <Filter>소스 파일</Filter>
    </ClCompile>
    <ClCompile Include="15829.cpp">
      <Filter>소스 파일</Filter>
    </ClCompile>
    <ClCompile Include="1012.cpp">
      <Filter>소스 파일</Filter>
    </ClCompile>
    <ClCompile Include="1463-1.cpp">
      <Filter>소스 파일</Filter>
    </ClCompile>
    <ClCompile Include="9095.cpp">
      <Filter>소스 파일</Filter>
    </ClCompile>
    <ClCompile Include="1927.cpp">
      <Filter>소스 파일</Filter>
    </ClCompile>
    <ClCompile Include="2718.cpp">
      <Filter>소스 파일</Filter>
    </ClCompile>
    <ClCompile Include="11279.cpp">
      <Filter>소스 파일</Filter>
    </ClCompile>
    <ClCompile Include="1107.cpp">
      <Filter>소스 파일</Filter>
    </ClCompile>
    <ClCompile Include="1697.cpp">
      <Filter>소스 파일</Filter>
    </ClCompile>
    <ClCompile Include="1764.cpp">
      <Filter>소스 파일</Filter>
    </ClCompile>
    <ClCompile Include="17413.cpp">
      <Filter>소스 파일</Filter>
    </ClCompile>
    <ClCompile Include="11659.cpp">
      <Filter>소스 파일</Filter>
    </ClCompile>
    <ClCompile Include="17219.cpp">
      <Filter>소스 파일</Filter>
    </ClCompile>
    <ClCompile Include="17626.cpp">
      <Filter>소스 파일</Filter>
    </ClCompile>
    <ClCompile Include="7662.cpp">
      <Filter>소스 파일</Filter>
    </ClCompile>
    <ClCompile Include="9019.cpp">
      <Filter>소스 파일</Filter>
    </ClCompile>
    <ClCompile Include="10026.cpp">
      <Filter>소스 파일</Filter>
    </ClCompile>
    <ClCompile Include="14500.cpp">
      <Filter>소스 파일</Filter>
    </ClCompile>
    <ClCompile Include="16236.cpp">
      <Filter>소스 파일</Filter>
    </ClCompile>
    <ClCompile Include="17836.cpp">
      <Filter>소스 파일</Filter>
    </ClCompile>
    <ClCompile Include="keypad.cpp">
      <Filter>소스 파일</Filter>
    </ClCompile>
    <ClCompile Include="11404.cpp">
      <Filter>소스 파일</Filter>
    </ClCompile>
    <ClCompile Include="1753.cpp">
      <Filter>소스 파일</Filter>
    </ClCompile>
    <ClCompile Include="7453.cpp">
      <Filter>소스 파일</Filter>
    </ClCompile>
    <ClCompile Include="2206.cpp">
      <Filter>소스 파일</Filter>
    </ClCompile>
    <ClCompile Include="11779.cpp">
      <Filter>소스 파일</Filter>
    </ClCompile>
    <ClCompile Include="숫자열과 영단어.cpp">
      <Filter>소스 파일</Filter>
    </ClCompile>
    <ClCompile Include="괄호변환.cpp">
      <Filter>소스 파일</Filter>
    </ClCompile>
    <ClCompile Include="신규아이디추천.cpp">
      <Filter>소스 파일</Filter>
    </ClCompile>
    <ClCompile Include="1916.cpp">
      <Filter>소스 파일</Filter>
    </ClCompile>
    <ClCompile Include="1504.cpp">
      <Filter>소스 파일</Filter>
    </ClCompile>
    <ClCompile Include="11049.cpp">
      <Filter>소스 파일</Filter>
    </ClCompile>
    <ClCompile Include="유효한회문.cpp">
      <Filter>소스 파일</Filter>
    </ClCompile>
    <ClCompile Include="0이동.cpp">
      <Filter>소스 파일</Filter>
    </ClCompile>
    <ClCompile Include="계단오르기.cpp">
      <Filter>소스 파일</Filter>
    </ClCompile>
    <ClCompile Include="반전이진트리.cpp">
      <Filter>소스 파일</Filter>
    </ClCompile>
    <ClCompile Include="14719.cpp">
      <Filter>소스 파일</Filter>
    </ClCompile>
    <ClCompile Include="1208.cpp">
      <Filter>소스 파일</Filter>
    </ClCompile>
    <ClCompile Include="1806.cpp">
      <Filter>소스 파일</Filter>
    </ClCompile>
    <ClCompile Include="14003.cpp">
      <Filter>소스 파일</Filter>
    </ClCompile>
    <ClCompile Include="14002.cpp">
      <Filter>소스 파일</Filter>
    </ClCompile>
    <ClCompile Include="4963.cpp">
      <Filter>소스 파일</Filter>
    </ClCompile>
    <ClCompile Include="11655.cpp">
      <Filter>소스 파일</Filter>
    </ClCompile>
    <ClCompile Include="2535.cpp">
      <Filter>소스 파일</Filter>
    </ClCompile>
    <ClCompile Include="1940.cpp">
      <Filter>소스 파일</Filter>
    </ClCompile>
    <ClCompile Include="14248.cpp">
      <Filter>소스 파일</Filter>
    </ClCompile>
    <ClCompile Include="6603.cpp">
      <Filter>소스 파일</Filter>
    </ClCompile>
    <ClCompile Include="14503.cpp">
      <Filter>소스 파일</Filter>
    </ClCompile>
    <ClCompile Include="15686.cpp">
      <Filter>소스 파일</Filter>
    </ClCompile>
    <ClCompile Include="1749.cpp">
      <Filter>소스 파일</Filter>
    </ClCompile>
  </ItemGroup>
</Project>